
Microsoft Visual Studio Solution File, Format Version 12.00
# Visual Studio Version 17
VisualStudioVersion = 17.14.37614.0
MinimumVisualStudioVersion = 10.0.40219.1
Project("{FAE04EC0-301F-11D3-BF4B-00C04F79EFBC}") = "DistributionValidator", "DistributionValidator.csproj", "{FD104CBE-EF9E-8B49-C916-6B2A363C4CC2}"
EndProject
Global
	GlobalSection(SolutionConfigurationPlatforms) = preSolution
		Debug|Any CPU = Debug|Any CPU
		Release|Any CPU = Release|Any CPU
	EndGlobalSection
	GlobalSection(ProjectConfigurationPlatforms) = postSolution
		{FD104CBE-EF9E-8B49-C916-6B2A363C4CC2}.Debug|Any CPU.ActiveCfg = Debug|Any CPU
		{FD104CBE-EF9E-8B49-C916-6B2A363C4CC2}.Debug|Any CPU.Build.0 = Debug|Any CPU
		{FD104CBE-EF9E-8B49-C916-6B2A363C4CC2}.Release|Any CPU.ActiveCfg = Release|Any CPU
		{FD104CBE-EF9E-8B49-C916-6B2A363C4CC2}.Release|Any CPU.Build.0 = Release|Any CPU
	EndGlobalSection
	GlobalSection(SolutionProperties) = preSolution
		HideSolutionNode = FALSE
	EndGlobalSection
	GlobalSection(ExtensibilityGlobals) = postSolution
		SolutionGuid = {5A4FA050-7950-43DE-96C5-2315291ACA7D}
	EndGlobalSection
EndGlobal
